
Microsoft Visual Studio Solution File, Format Version 12.00
# Visual Studio Version 17
VisualStudioVersion = 17.1.31911.260
MinimumVisualStudioVersion = 10.0.40219.1
Project("{FAE04EC0-301F-11D3-BF4B-00C04F79EFBC}") = "IU.Core.Api", "IU.Core.Api\IU.Core.Api.csproj", "{BAD9F26F-0EDB-4C13-891C-3826F71D3E5B}"
EndProject
Global
	GlobalSection(SolutionConfigurationPlatforms) = preSolution
		Debug|Any CPU = Debug|Any CPU
		Release|Any CPU = Release|Any CPU
	EndGlobalSection
	GlobalSection(ProjectConfigurationPlatforms) = postSolution
		{BAD9F26F-0EDB-4C13-891C-3826F71D3E5B}.Debug|Any CPU.ActiveCfg = Debug|Any CPU
		{BAD9F26F-0EDB-4C13-891C-3826F71D3E5B}.Debug|Any CPU.Build.0 = Debug|Any CPU
		{BAD9F26F-0EDB-4C13-891C-3826F71D3E5B}.Release|Any CPU.ActiveCfg = Release|Any CPU
		{BAD9F26F-0EDB-4C13-891C-3826F71D3E5B}.Release|Any CPU.Build.0 = Release|Any CPU
	EndGlobalSection
	GlobalSection(SolutionProperties) = preSolution
		HideSolutionNode = FALSE
	EndGlobalSection
	GlobalSection(ExtensibilityGlobals) = postSolution
		SolutionGuid = {20575F85-B25A-4794-9C6D-50C62F0E08F5}
	EndGlobalSection
EndGlobal
